
Microsoft Visual Studio Solution File, Format Version 12.00
# Visual Studio Version 17
VisualStudioVersion = 17.0.31903.59
MinimumVisualStudioVersion = 10.0.40219.1
Project("{FAE04EC0-301F-11D3-BF4B-00C04F79EFBC}") = "DiscordBot2", "DiscordBot2\DiscordBot2.csproj", "{AD680D94-82F1-4404-92F6-B6E133A8B762}"
EndProject
Global
	GlobalSection(SolutionConfigurationPlatforms) = preSolution
		Debug|Any CPU = Debug|Any CPU
		Release|Any CPU = Release|Any CPU
	EndGlobalSection
	GlobalSection(ProjectConfigurationPlatforms) = postSolution
		{AD680D94-82F1-4404-92F6-B6E133A8B762}.Debug|Any CPU.ActiveCfg = Debug|Any CPU
		{AD680D94-82F1-4404-92F6-B6E133A8B762}.Debug|Any CPU.Build.0 = Debug|Any CPU
		{AD680D94-82F1-4404-92F6-B6E133A8B762}.Release|Any CPU.ActiveCfg = Release|Any CPU
		{AD680D94-82F1-4404-92F6-B6E133A8B762}.Release|Any CPU.Build.0 = Release|Any CPU
	EndGlobalSection
	GlobalSection(SolutionProperties) = preSolution
		HideSolutionNode = FALSE
	EndGlobalSection
	GlobalSection(ExtensibilityGlobals) = postSolution
		SolutionGuid = {56450F87-2D8E-4464-BF9A-7C12778AE3FC}
	EndGlobalSection
EndGlobal
